
Microsoft Visual Studio Solution File, Format Version 12.00
# Visual Studio Version 16
VisualStudioVersion = 25.0.1700.6
MinimumVisualStudioVersion = 10.0.40219.1
Project("{FAE04EC0-301F-11D3-BF4B-00C04F79EFBC}") = "Entities", "Entities\Entities.csproj", "{47EAD0C8-5C81-4220-BA49-D3183D6D835B}"
EndProject
Project("{FAE04EC0-301F-11D3-BF4B-00C04F79EFBC}") = "Business", "Business\Business.csproj", "{DAD6BA04-467F-415F-BC16-343EAAF5B349}"
EndProject
Project("{FAE04EC0-301F-11D3-BF4B-00C04F79EFBC}") = "DataAccess", "DataAccess\DataAccess.csproj", "{348B8D60-9D1E-4668-9955-DF9315257D26}"
EndProject
Project("{FAE04EC0-301F-11D3-BF4B-00C04F79EFBC}") = "Core", "Core\Core.csproj", "{4D74CD4B-7B86-4AAA-90B2-57D4D4622D33}"
EndProject
Project("{FAE04EC0-301F-11D3-BF4B-00C04F79EFBC}") = "WebUI", "WebUI\WebUI.csproj", "{23F75069-6A41-4473-9E78-0D2D5E7900CB}"
EndProject
Global
	GlobalSection(SolutionConfigurationPlatforms) = preSolution
		Debug|Any CPU = Debug|Any CPU
		Release|Any CPU = Release|Any CPU
	EndGlobalSection
	GlobalSection(ProjectConfigurationPlatforms) = postSolution
		{47EAD0C8-5C81-4220-BA49-D3183D6D835B}.Debug|Any CPU.ActiveCfg = Debug|Any CPU
		{47EAD0C8-5C81-4220-BA49-D3183D6D835B}.Debug|Any CPU.Build.0 = Debug|Any CPU
		{47EAD0C8-5C81-4220-BA49-D3183D6D835B}.Release|Any CPU.ActiveCfg = Release|Any CPU
		{47EAD0C8-5C81-4220-BA49-D3183D6D835B}.Release|Any CPU.Build.0 = Release|Any CPU
		{DAD6BA04-467F-415F-BC16-343EAAF5B349}.Debug|Any CPU.ActiveCfg = Debug|Any CPU
		{DAD6BA04-467F-415F-BC16-343EAAF5B349}.Debug|Any CPU.Build.0 = Debug|Any CPU
		{DAD6BA04-467F-415F-BC16-343EAAF5B349}.Release|Any CPU.ActiveCfg = Release|Any CPU
		{DAD6BA04-467F-415F-BC16-343EAAF5B349}.Release|Any CPU.Build.0 = Release|Any CPU
		{348B8D60-9D1E-4668-9955-DF9315257D26}.Debug|Any CPU.ActiveCfg = Debug|Any CPU
		{348B8D60-9D1E-4668-9955-DF9315257D26}.Debug|Any CPU.Build.0 = Debug|Any CPU
		{348B8D60-9D1E-4668-9955-DF9315257D26}.Release|Any CPU.ActiveCfg = Release|Any CPU
		{348B8D60-9D1E-4668-9955-DF9315257D26}.Release|Any CPU.Build.0 = Release|Any CPU
		{4D74CD4B-7B86-4AAA-90B2-57D4D4622D33}.Debug|Any CPU.ActiveCfg = Debug|Any CPU
		{4D74CD4B-7B86-4AAA-90B2-57D4D4622D33}.Debug|Any CPU.Build.0 = Debug|Any CPU
		{4D74CD4B-7B86-4AAA-90B2-57D4D4622D33}.Release|Any CPU.ActiveCfg = Release|Any CPU
		{4D74CD4B-7B86-4AAA-90B2-57D4D4622D33}.Release|Any CPU.Build.0 = Release|Any CPU
		{23F75069-6A41-4473-9E78-0D2D5E7900CB}.Debug|Any CPU.ActiveCfg = Debug|Any CPU
		{23F75069-6A41-4473-9E78-0D2D5E7900CB}.Debug|Any CPU.Build.0 = Debug|Any CPU
		{23F75069-6A41-4473-9E78-0D2D5E7900CB}.Release|Any CPU.ActiveCfg = Release|Any CPU
		{23F75069-6A41-4473-9E78-0D2D5E7900CB}.Release|Any CPU.Build.0 = Release|Any CPU
	EndGlobalSection
	GlobalSection(SolutionProperties) = preSolution
		HideSolutionNode = FALSE
	EndGlobalSection
	GlobalSection(ExtensibilityGlobals) = postSolution
		SolutionGuid = {81FC6CC5-D7F0-4FC1-A7D5-0B2BCE1E992D}
	EndGlobalSection
EndGlobal
